<?xml version="1.0" encoding="UTF-8" standalone="yes" ?>
<CodeBlocks_project_file>
	<FileVersion major="1" minor="6" />
	<Project>
		<Option title="ambience" />
		<Option pch_mode="2" />
		<Option compiler="gcc" />
		<Build>
			<Target title="Debug_win">
				<Option platforms="Windows;" />
				<Option output="$(outputDir)" prefix_auto="1" extension_auto="1" />
				<Option object_output="$(objectDir)" />
				<Option type="1" />
				<Option compiler="gcc" />
				<Option use_console_runner="0" />
				<Option projectLinkerOptionsRelation="2" />
				<Compiler>
					<Add option="-g" />
					<Add option="-D_DEBUG" />
				</Compiler>
				<Linker>
					<Add library="$(#debug_help.name)" />
					<Add library="libbfd" />
					<Add library="libiberty" />
					<Add library="libpsapi" />
					<Add directory="$(#debug_help.lib)" />
				</Linker>
				<Environment>
					<Variable name="platform" value="win" />
					<Variable name="targetName" value="Debug" />
				</Environment>
			</Target>
			<Target title="Release_win">
				<Option platforms="Windows;" />
				<Option output="$(outputDir)" prefix_auto="1" extension_auto="1" />
				<Option object_output="$(objectDir)" />
				<Option type="0" />
				<Option compiler="gcc" />
				<Option projectLinkerOptionsRelation="2" />
				<Compiler>
					<Add option="-O2" />
				</Compiler>
				<Linker>
					<Add option="-s" />
					<Add library="$(#debug_help.name)" />
					<Add library="libbfd" />
					<Add library="libiberty" />
					<Add library="libpsapi" />
					<Add directory="$(#debug_help.lib)" />
				</Linker>
				<Environment>
					<Variable name="platform" value="win" />
					<Variable name="targetName" value="Release" />
				</Environment>
			</Target>
			<Target title="Debug_mac">
				<Option platforms="Mac;" />
				<Option output="$(outputDir)" prefix_auto="1" extension_auto="1" />
				<Option object_output="$(objectDir)" />
				<Option type="1" />
				<Option compiler="gcc" />
				<Option use_console_runner="0" />
				<Option projectLinkerOptionsRelation="2" />
				<Compiler>
					<Add option="-g" />
					<Add option="-D_DEBUG" />
				</Compiler>
				<Environment>
					<Variable name="platform" value="mac" />
					<Variable name="targetName" value="Debug" />
				</Environment>
			</Target>
			<Target title="Release_mac">
				<Option platforms="Mac;" />
				<Option output="$(outputDir)" prefix_auto="1" extension_auto="1" />
				<Option object_output="$(objectDir)" />
				<Option type="0" />
				<Option compiler="gcc" />
				<Option projectLinkerOptionsRelation="2" />
				<Compiler>
					<Add option="-O2" />
				</Compiler>
				<Linker>
					<Add option="-s" />
				</Linker>
				<Environment>
					<Variable name="platform" value="mac" />
					<Variable name="targetName" value="Release" />
				</Environment>
			</Target>
			<Environment>
				<Variable name="bassLibDir" value="external\BASS_2.4\$(platform)" />
				<Variable name="objectDir" value="obj\$(platform)\$(targetName)\" />
				<Variable name="bassCppInc" value="external\bass_cpp\include" />
				<Variable name="outputDir" value="bin\$(platform)\$(targetName)\ambience" />
				<Variable name="bassCppLibDir" value="external\bass_cpp\lib\$(platform)" />
				<Variable name="bassInc" value="external\BASS_2.4\c" />
			</Environment>
		</Build>
		<Compiler>
			<Add option="-Wall" />
			<Add directory="$(#qt4.include)" />
			<Add directory="$(#qt4.QtGuiDir)" />
			<Add directory="$(#qt4.QtCoreDir)" />
			<Add directory="$(#qt4.QtXmlDir)" />
			<Add directory="$(bassCppInc)" />
			<Add directory="$(bassInc)" />
		</Compiler>
		<Linker>
			<Add library="bass_cpp" />
			<Add library="libbass" />
			<Add library="$(#qt4.QtCoreLib)" />
			<Add library="$(#qt4.QtGuiLib)" />
			<Add library="$(#qt4.QtXmlLib)" />
			<Add directory="$(#qt4.lib)" />
			<Add directory="$(bassCppLibDir)" />
			<Add directory="$(bassLibDir)" />
		</Linker>
		<Unit filename="A_ImportManager.cpp" />
		<Unit filename="A_ImportManager.qoh">
			<Option compile="1" />
		</Unit>
		<Unit filename="A_SoundImport.cpp" />
		<Unit filename="A_SoundImport.qoh">
			<Option compile="1" />
		</Unit>
		<Unit filename="A_SoundInstance.cpp" />
		<Unit filename="A_SoundInstance.qoh">
			<Option compile="1" />
		</Unit>
		<Unit filename="AboutDlgUi.ui">
			<Option compile="1" />
			<Option weight="0" />
		</Unit>
		<Unit filename="AmbMainWindow.cpp" />
		<Unit filename="AmbMainWindow.qoh">
			<Option compile="1" />
		</Unit>
		<Unit filename="AmbMainWindowUi.ui">
			<Option compile="1" />
			<Option weight="0" />
		</Unit>
		<Unit filename="AmbSplash.cpp" />
		<Unit filename="AmbSplash.qoh">
			<Option compile="1" />
		</Unit>
		<Unit filename="AmbSplashUi.ui">
			<Option compile="1" />
			<Option weight="0" />
		</Unit>
		<Unit filename="AmbienceApplication.cpp" />
		<Unit filename="AmbienceApplication.h" />
		<Unit filename="Background.cpp" />
		<Unit filename="Background.h" />
		<Unit filename="BackgroundCtrlPanel.cpp" />
		<Unit filename="BackgroundCtrlPanel.qoh">
			<Option compile="1" />
		</Unit>
		<Unit filename="BackgroundCtrlUi.ui">
			<Option compile="1" />
			<Option weight="0" />
		</Unit>
		<Unit filename="ExceptionCatchingApplication.cpp" />
		<Unit filename="ExceptionCatchingApplication.h" />
		<Unit filename="ExceptionDlgUi.ui">
			<Option compile="1" />
			<Option weight="0" />
		</Unit>
		<Unit filename="FileSelectionDlg.cpp" />
		<Unit filename="FileSelectionDlg.qoh">
			<Option compile="1" />
		</Unit>
		<Unit filename="FileSelectionDlgUi.ui">
			<Option compile="1" />
			<Option weight="0" />
		</Unit>
		<Unit filename="HoverLabel.cpp" />
		<Unit filename="HoverLabel.qoh">
			<Option compile="1" />
		</Unit>
		<Unit filename="I_TitleCarrier.h" />
		<Unit filename="ImportManagers.cpp" />
		<Unit filename="ImportManagers.h" />
		<Unit filename="InstantCtrlButton.cpp" />
		<Unit filename="InstantCtrlButton.qoh">
			<Option compile="1" />
		</Unit>
		<Unit filename="InstantCtrlButtonMenu.cpp" />
		<Unit filename="InstantCtrlButtonMenu.qoh">
			<Option compile="1" />
		</Unit>
		<Unit filename="MasterCtrl.cpp" />
		<Unit filename="MasterCtrl.qoh">
			<Option compile="1" />
		</Unit>
		<Unit filename="MusicCtrl.cpp" />
		<Unit filename="MusicCtrl.qoh">
			<Option compile="1" />
		</Unit>
		<Unit filename="MusicCtrlPanel.cpp" />
		<Unit filename="MusicCtrlPanel.qoh">
			<Option compile="1" />
		</Unit>
		<Unit filename="MusicCtrlUi.ui">
			<Option compile="1" />
			<Option weight="0" />
		</Unit>
		<Unit filename="OpenOptionsDlg.cpp" />
		<Unit filename="OpenOptionsDlg.qoh">
			<Option compile="1" />
		</Unit>
		<Unit filename="OpenOptionsDlgUi.ui">
			<Option compile="1" />
			<Option weight="0" />
		</Unit>
		<Unit filename="PopupToolMainWindow.cpp" />
		<Unit filename="PopupToolMainWindow.qoh">
			<Option compile="1" />
		</Unit>
		<Unit filename="Project.cpp" />
		<Unit filename="Project.qoh">
			<Option compile="1" />
		</Unit>
		<Unit filename="ProjectFileAdapter.cpp" />
		<Unit filename="ProjectFileAdapter.h" />
		<Unit filename="QException.h" />
		<Unit filename="QException_mac.cpp">
			<Option target="Debug_mac" />
			<Option target="Release_mac" />
		</Unit>
		<Unit filename="QException_win.cpp">
			<Option target="Debug_win" />
			<Option target="Release_win" />
		</Unit>
		<Unit filename="README.txt" />
		<Unit filename="RandomCtrlPanel.cpp" />
		<Unit filename="RandomCtrlPanel.qoh">
			<Option compile="1" />
		</Unit>
		<Unit filename="RandomCtrlUi.ui">
			<Option compile="1" />
			<Option weight="0" />
		</Unit>
		<Unit filename="RandomSound.cpp" />
		<Unit filename="RandomSound.qoh">
			<Option compile="1" />
		</Unit>
		<Unit filename="ResizeTableDlg.cpp" />
		<Unit filename="ResizeTableDlg.qoh">
			<Option compile="1" />
		</Unit>
		<Unit filename="ResizeTableDlgUi.ui">
			<Option compile="1" />
			<Option weight="0" />
		</Unit>
		<Unit filename="SampleImport.cpp" />
		<Unit filename="SampleImport.h" />
		<Unit filename="Scene.cpp" />
		<Unit filename="Scene.qoh">
			<Option compile="1" />
		</Unit>
		<Unit filename="SceneEditorDlg.cpp" />
		<Unit filename="SceneEditorDlg.qoh">
			<Option compile="1" />
		</Unit>
		<Unit filename="SceneEditorDlgUi.ui">
			<Option compile="1" />
			<Option weight="0" />
		</Unit>
		<Unit filename="SceneNameDlgUi.ui">
			<Option compile="1" />
			<Option weight="0" />
		</Unit>
		<Unit filename="SceneState.cpp" />
		<Unit filename="SceneState.qoh">
			<Option compile="1" />
		</Unit>
		<Unit filename="SceneStateUi.ui">
			<Option compile="1" />
			<Option weight="0" />
		</Unit>
		<Unit filename="SidebarUi.ui">
			<Option compile="1" />
			<Option weight="0" />
		</Unit>
		<Unit filename="Soundboard.cpp" />
		<Unit filename="Soundboard.qoh">
			<Option compile="1" />
		</Unit>
		<Unit filename="SoundboardInstance.cpp" />
		<Unit filename="SoundboardInstance.h" />
		<Unit filename="SoundboardLayout.cpp" />
		<Unit filename="SoundboardLayout.qoh">
			<Option compile="1" />
		</Unit>
		<Unit filename="SoundboardUi.ui">
			<Option compile="1" />
			<Option weight="0" />
		</Unit>
		<Unit filename="StartableSound.cpp" />
		<Unit filename="StartableSound.qoh">
			<Option compile="1" />
		</Unit>
		<Unit filename="State.cpp" />
		<Unit filename="State.qoh">
			<Option compile="1" />
		</Unit>
		<Unit filename="StateNameDlgUi.ui">
			<Option compile="1" />
			<Option weight="0" />
		</Unit>
		<Unit filename="StreamImport.cpp" />
		<Unit filename="StreamImport.h" />
		<Unit filename="TitleCarrierListModel.cpp" />
		<Unit filename="TitleCarrierListModel.hpp" />
		<Unit filename="TitleDlgUi.ui">
			<Option compile="1" />
			<Option weight="0" />
		</Unit>
		<Unit filename="ambience.nsi" />
		<Unit filename="ambience.qrc">
			<Option compile="1" />
			<Option weight="0" />
		</Unit>
		<Unit filename="ambience.rc">
			<Option compilerVar="WINDRES" />
		</Unit>
		<Unit filename="main.cpp" />
		<Unit filename="registerExtension.nsh" />
		<Extensions>
			<code_completion />
			<debugger>
				<search_path add="$(#qt4.src)" />
			</debugger>
		</Extensions>
	</Project>
</CodeBlocks_project_file>
